
Microsoft Visual Studio Solution File, Format Version 12.00
# Visual Studio Version 17
VisualStudioVersion = 17.14.36518.9 d17.14
MinimumVisualStudioVersion = 10.0.40219.1
Project("{FAE04EC0-301F-11D3-BF4B-00C04F79EFBC}") = "DynamicForm", "DynamicForm.csproj", "{97A39C50-E0E8-4616-8BD0-BF38C4A100BC}"
EndProject
Global
	GlobalSection(SolutionConfigurationPlatforms) = preSolution
		Debug|Any CPU = Debug|Any CPU
		Release|Any CPU = Release|Any CPU
	EndGlobalSection
	GlobalSection(ProjectConfigurationPlatforms) = postSolution
		{97A39C50-E0E8-4616-8BD0-BF38C4A100BC}.Debug|Any CPU.ActiveCfg = Debug|Any CPU
		{97A39C50-E0E8-4616-8BD0-BF38C4A100BC}.Debug|Any CPU.Build.0 = Debug|Any CPU
		{97A39C50-E0E8-4616-8BD0-BF38C4A100BC}.Release|Any CPU.ActiveCfg = Release|Any CPU
		{97A39C50-E0E8-4616-8BD0-BF38C4A100BC}.Release|Any CPU.Build.0 = Release|Any CPU
	EndGlobalSection
	GlobalSection(SolutionProperties) = preSolution
		HideSolutionNode = FALSE
	EndGlobalSection
	GlobalSection(ExtensibilityGlobals) = postSolution
		SolutionGuid = {DD2DDF0B-B9CA-48B5-B4AC-428C931C4AA5}
	EndGlobalSection
EndGlobal
